
Microsoft Visual Studio Solution File, Format Version 12.00
Project("{FAE04EC0-301F-11D3-BF4B-00C04F79EFBC}") = "StreamsQueueDemo", "StreamsQueueDemo\StreamsQueueDemo.csproj", "{EFB3702A-D68A-4C0B-A7CF-A34D192EB4C6}"
EndProject
Global
	GlobalSection(SolutionConfigurationPlatforms) = preSolution
		Debug|Any CPU = Debug|Any CPU
		Release|Any CPU = Release|Any CPU
	EndGlobalSection
	GlobalSection(ProjectConfigurationPlatforms) = postSolution
		{EFB3702A-D68A-4C0B-A7CF-A34D192EB4C6}.Debug|Any CPU.ActiveCfg = Debug|Any CPU
		{EFB3702A-D68A-4C0B-A7CF-A34D192EB4C6}.Debug|Any CPU.Build.0 = Debug|Any CPU
		{EFB3702A-D68A-4C0B-A7CF-A34D192EB4C6}.Release|Any CPU.ActiveCfg = Release|Any CPU
		{EFB3702A-D68A-4C0B-A7CF-A34D192EB4C6}.Release|Any CPU.Build.0 = Release|Any CPU
	EndGlobalSection
EndGlobal
